
Microsoft Visual Studio Solution File, Format Version 12.00
# Visual Studio Version 17
VisualStudioVersion = 17.4.33403.182
MinimumVisualStudioVersion = 10.0.40219.1
Project("{FAE04EC0-301F-11D3-BF4B-00C04F79EFBC}") = "Filters", "Filters.csproj", "{5959DAF7-8D0D-430C-9DFA-3EB4BD0B4D6E}"
EndProject
Global
	GlobalSection(SolutionConfigurationPlatforms) = preSolution
		Debug|Any CPU = Debug|Any CPU
		Release|Any CPU = Release|Any CPU
	EndGlobalSection
	GlobalSection(ProjectConfigurationPlatforms) = postSolution
		{5959DAF7-8D0D-430C-9DFA-3EB4BD0B4D6E}.Debug|Any CPU.ActiveCfg = Debug|Any CPU
		{5959DAF7-8D0D-430C-9DFA-3EB4BD0B4D6E}.Debug|Any CPU.Build.0 = Debug|Any CPU
		{5959DAF7-8D0D-430C-9DFA-3EB4BD0B4D6E}.Release|Any CPU.ActiveCfg = Release|Any CPU
		{5959DAF7-8D0D-430C-9DFA-3EB4BD0B4D6E}.Release|Any CPU.Build.0 = Release|Any CPU
	EndGlobalSection
	GlobalSection(SolutionProperties) = preSolution
		HideSolutionNode = FALSE
	EndGlobalSection
	GlobalSection(ExtensibilityGlobals) = postSolution
		SolutionGuid = {1A6EE93E-4142-4F63-8D97-9DB597078E7B}
	EndGlobalSection
EndGlobal
